
Microsoft Visual Studio Solution File, Format Version 12.00
# Visual Studio Version 17
VisualStudioVersion = 17.3.32929.385
MinimumVisualStudioVersion = 10.0.40219.1
Project("{FAE04EC0-301F-11D3-BF4B-00C04F79EFBC}") = "WinUISleepTracker", "WinUISleepTracker.csproj", "{CA3CA3A6-DB1D-4786-9A29-E6E34C5F4361}"
EndProject
Global
	GlobalSection(SolutionConfigurationPlatforms) = preSolution
		Debug|arm64 = Debug|arm64
		Debug|x64 = Debug|x64
		Debug|x86 = Debug|x86
		Release|arm64 = Release|arm64
		Release|x64 = Release|x64
		Release|x86 = Release|x86
	EndGlobalSection
	GlobalSection(ProjectConfigurationPlatforms) = postSolution
		{CA3CA3A6-DB1D-4786-9A29-E6E34C5F4361}.Debug|arm64.ActiveCfg = Debug|arm64
		{CA3CA3A6-DB1D-4786-9A29-E6E34C5F4361}.Debug|arm64.Build.0 = Debug|arm64
		{CA3CA3A6-DB1D-4786-9A29-E6E34C5F4361}.Debug|arm64.Deploy.0 = Debug|arm64
		{CA3CA3A6-DB1D-4786-9A29-E6E34C5F4361}.Debug|x64.ActiveCfg = Debug|x64
		{CA3CA3A6-DB1D-4786-9A29-E6E34C5F4361}.Debug|x64.Build.0 = Debug|x64
		{CA3CA3A6-DB1D-4786-9A29-E6E34C5F4361}.Debug|x64.Deploy.0 = Debug|x64
		{CA3CA3A6-DB1D-4786-9A29-E6E34C5F4361}.Debug|x86.ActiveCfg = Debug|x86
		{CA3CA3A6-DB1D-4786-9A29-E6E34C5F4361}.Debug|x86.Build.0 = Debug|x86
		{CA3CA3A6-DB1D-4786-9A29-E6E34C5F4361}.Debug|x86.Deploy.0 = Debug|x86
		{CA3CA3A6-DB1D-4786-9A29-E6E34C5F4361}.Release|arm64.ActiveCfg = Release|arm64
		{CA3CA3A6-DB1D-4786-9A29-E6E34C5F4361}.Release|arm64.Build.0 = Release|arm64
		{CA3CA3A6-DB1D-4786-9A29-E6E34C5F4361}.Release|arm64.Deploy.0 = Release|arm64
		{CA3CA3A6-DB1D-4786-9A29-E6E34C5F4361}.Release|x64.ActiveCfg = Release|x64
		{CA3CA3A6-DB1D-4786-9A29-E6E34C5F4361}.Release|x64.Build.0 = Release|x64
		{CA3CA3A6-DB1D-4786-9A29-E6E34C5F4361}.Release|x64.Deploy.0 = Release|x64
		{CA3CA3A6-DB1D-4786-9A29-E6E34C5F4361}.Release|x86.ActiveCfg = Release|x86
		{CA3CA3A6-DB1D-4786-9A29-E6E34C5F4361}.Release|x86.Build.0 = Release|x86
		{CA3CA3A6-DB1D-4786-9A29-E6E34C5F4361}.Release|x86.Deploy.0 = Release|x86
	EndGlobalSection
	GlobalSection(SolutionProperties) = preSolution
		HideSolutionNode = FALSE
	EndGlobalSection
	GlobalSection(ExtensibilityGlobals) = postSolution
		SolutionGuid = {D3BC8C2C-2F31-47EE-9F94-30C1BBFFD828}
	EndGlobalSection
EndGlobal
